
Microsoft Visual Studio Solution File, Format Version 12.00
# Visual Studio Version 16
VisualStudioVersion = 16.0.33529.622
MinimumVisualStudioVersion = 10.0.40219.1
Project("{FAE04EC0-301F-11D3-BF4B-00C04F79EFBC}") = "xmlFactory", "xmlFactory\xmlFactory.csproj", "{0668FA09-C317-4000-A817-7AA2ED502880}"
EndProject
Global
	GlobalSection(SolutionConfigurationPlatforms) = preSolution
		Debug|Any CPU = Debug|Any CPU
		Release|Any CPU = Release|Any CPU
	EndGlobalSection
	GlobalSection(ProjectConfigurationPlatforms) = postSolution
		{0668FA09-C317-4000-A817-7AA2ED502880}.Debug|Any CPU.ActiveCfg = Debug|Any CPU
		{0668FA09-C317-4000-A817-7AA2ED502880}.Debug|Any CPU.Build.0 = Debug|Any CPU
		{0668FA09-C317-4000-A817-7AA2ED502880}.Release|Any CPU.ActiveCfg = Release|Any CPU
		{0668FA09-C317-4000-A817-7AA2ED502880}.Release|Any CPU.Build.0 = Release|Any CPU
	EndGlobalSection
	GlobalSection(SolutionProperties) = preSolution
		HideSolutionNode = FALSE
	EndGlobalSection
	GlobalSection(ExtensibilityGlobals) = postSolution
		SolutionGuid = {E933B1B8-A3F7-4895-BC0B-28BFBA955006}
	EndGlobalSection
EndGlobal
